// !$*UTF8*$!
{
	archiveVersion = 1;
	classes = {
	};
	objectVersion = 46;
	objects = {

/* Begin PBXBuildFile section */
		A63ADBEB1F7DD9ED00DADC83 /* getarg.c in Sources */ = {isa = PBXBuildFile; fileRef = A63ADBE81F7DD9ED00DADC83 /* getarg.c */; };
		A63ADBEC1F7DD9ED00DADC83 /* qprintf.c in Sources */ = {isa = PBXBuildFile; fileRef = A63ADBEA1F7DD9ED00DADC83 /* qprintf.c */; };
		A6449AA01F815B700002E1B2 /* qprintf.c in Sources */ = {isa = PBXBuildFile; fileRef = A63ADBEA1F7DD9ED00DADC83 /* qprintf.c */; };
		A6449AA21F815B7C0002E1B2 /* getarg.c in Sources */ = {isa = PBXBuildFile; fileRef = A63ADBE81F7DD9ED00DADC83 /* getarg.c */; };
		A681439E1F81D0A4002196B0 /* dgif_lib.c in Sources */ = {isa = PBXBuildFile; fileRef = A68143931F81D073002196B0 /* dgif_lib.c */; };
		A681439F1F81D0A4002196B0 /* egif_lib.c in Sources */ = {isa = PBXBuildFile; fileRef = A68143961F81D074002196B0 /* egif_lib.c */; };
		A68143A01F81D0A4002196B0 /* gif_err.c in Sources */ = {isa = PBXBuildFile; fileRef = A68143941F81D073002196B0 /* gif_err.c */; };
		A68143A11F81D0A4002196B0 /* gif_font.c in Sources */ = {isa = PBXBuildFile; fileRef = A681439A1F81D074002196B0 /* gif_font.c */; };
		A68143A21F81D0A4002196B0 /* gif_hash.c in Sources */ = {isa = PBXBuildFile; fileRef = A68143951F81D074002196B0 /* gif_hash.c */; };
		A68143A31F81D0A4002196B0 /* gifalloc.c in Sources */ = {isa = PBXBuildFile; fileRef = A68143981F81D074002196B0 /* gifalloc.c */; };
		A68143A41F81D0A4002196B0 /* openbsd-reallocarray.c in Sources */ = {isa = PBXBuildFile; fileRef = A68143991F81D074002196B0 /* openbsd-reallocarray.c */; };
		A68143A51F81D0A5002196B0 /* quantize.c in Sources */ = {isa = PBXBuildFile; fileRef = A681439C1F81D074002196B0 /* quantize.c */; };
		A68143A61F81D0B1002196B0 /* dgif_lib.c in Sources */ = {isa = PBXBuildFile; fileRef = A68143931F81D073002196B0 /* dgif_lib.c */; };
		A68143A71F81D0B1002196B0 /* egif_lib.c in Sources */ = {isa = PBXBuildFile; fileRef = A68143961F81D074002196B0 /* egif_lib.c */; };
		A68143A81F81D0B1002196B0 /* gif_err.c in Sources */ = {isa = PBXBuildFile; fileRef = A68143941F81D073002196B0 /* gif_err.c */; };
		A68143A91F81D0B1002196B0 /* gif_font.c in Sources */ = {isa = PBXBuildFile; fileRef = A681439A1F81D074002196B0 /* gif_font.c */; };
		A68143AA1F81D0B1002196B0 /* gif_hash.c in Sources */ = {isa = PBXBuildFile; fileRef = A68143951F81D074002196B0 /* gif_hash.c */; };
		A68143AB1F81D0B1002196B0 /* gifalloc.c in Sources */ = {isa = PBXBuildFile; fileRef = A68143981F81D074002196B0 /* gifalloc.c */; };
		A68143AC1F81D0B1002196B0 /* openbsd-reallocarray.c in Sources */ = {isa = PBXBuildFile; fileRef = A68143991F81D074002196B0 /* openbsd-reallocarray.c */; };
		A68143AD1F81D0B1002196B0 /* quantize.c in Sources */ = {isa = PBXBuildFile; fileRef = A681439C1F81D074002196B0 /* quantize.c */; };
		A6DD9AD11F8124CA00E99E64 /* gif_tvOS.h in CopyFiles */ = {isa = PBXBuildFile; fileRef = A6DD9ACE1F8124CA00E99E64 /* gif_tvOS.h */; };
/* End PBXBuildFile section */

/* Begin PBXCopyFilesBuildPhase section */
		A65BB1CF1F7C0C6A0088347C /* CopyFiles */ = {
			isa = PBXCopyFilesBuildPhase;
			buildActionMask = 2147483647;
			dstPath = "include/$(PRODUCT_NAME)";
			dstSubfolderSpec = 16;
			files = (
			);
			runOnlyForDeploymentPostprocessing = 0;
		};
		A6DD9ACA1F8124CA00E99E64 /* CopyFiles */ = {
			isa = PBXCopyFilesBuildPhase;
			buildActionMask = 2147483647;
			dstPath = "include/$(PRODUCT_NAME)";
			dstSubfolderSpec = 16;
			files = (
				A6DD9AD11F8124CA00E99E64 /* gif_tvOS.h in CopyFiles */,
			);
			runOnlyForDeploymentPostprocessing = 0;
		};
/* End PBXCopyFilesBuildPhase section */

/* Begin PBXFileReference section */
		A63ADBE81F7DD9ED00DADC83 /* getarg.c */ = {isa = PBXFileReference; fileEncoding = 4; lastKnownFileType = sourcecode.c.c; name = getarg.c; path = "../../3rd-party/giflib-5.1.4/util/getarg.c"; sourceTree = "<group>"; };
		A63ADBE91F7DD9ED00DADC83 /* getarg.h */ = {isa = PBXFileReference; fileEncoding = 4; lastKnownFileType = sourcecode.c.h; name = getarg.h; path = "../../3rd-party/giflib-5.1.4/util/getarg.h"; sourceTree = "<group>"; };
		A63ADBEA1F7DD9ED00DADC83 /* qprintf.c */ = {isa = PBXFileReference; fileEncoding = 4; lastKnownFileType = sourcecode.c.c; name = qprintf.c; path = "../../3rd-party/giflib-5.1.4/util/qprintf.c"; sourceTree = "<group>"; };
		A65BB1D11F7C0C6A0088347C /* libgif.a */ = {isa = PBXFileReference; explicitFileType = archive.ar; includeInIndex = 0; path = libgif.a; sourceTree = BUILT_PRODUCTS_DIR; };
		A68143931F81D073002196B0 /* dgif_lib.c */ = {isa = PBXFileReference; lastKnownFileType = sourcecode.c.c; name = dgif_lib.c; path = "../../3rd-party/giflib-5.1.4/lib/dgif_lib.c"; sourceTree = "<group>"; };
		A68143941F81D073002196B0 /* gif_err.c */ = {isa = PBXFileReference; lastKnownFileType = sourcecode.c.c; name = gif_err.c; path = "../../3rd-party/giflib-5.1.4/lib/gif_err.c"; sourceTree = "<group>"; };
		A68143951F81D074002196B0 /* gif_hash.c */ = {isa = PBXFileReference; lastKnownFileType = sourcecode.c.c; name = gif_hash.c; path = "../../3rd-party/giflib-5.1.4/lib/gif_hash.c"; sourceTree = "<group>"; };
		A68143961F81D074002196B0 /* egif_lib.c */ = {isa = PBXFileReference; lastKnownFileType = sourcecode.c.c; name = egif_lib.c; path = "../../3rd-party/giflib-5.1.4/lib/egif_lib.c"; sourceTree = "<group>"; };
		A68143971F81D074002196B0 /* gif_hash.h */ = {isa = PBXFileReference; lastKnownFileType = sourcecode.c.h; name = gif_hash.h; path = "../../3rd-party/giflib-5.1.4/lib/gif_hash.h"; sourceTree = "<group>"; };
		A68143981F81D074002196B0 /* gifalloc.c */ = {isa = PBXFileReference; lastKnownFileType = sourcecode.c.c; name = gifalloc.c; path = "../../3rd-party/giflib-5.1.4/lib/gifalloc.c"; sourceTree = "<group>"; };
		A68143991F81D074002196B0 /* openbsd-reallocarray.c */ = {isa = PBXFileReference; lastKnownFileType = sourcecode.c.c; name = "openbsd-reallocarray.c"; path = "../../3rd-party/giflib-5.1.4/lib/openbsd-reallocarray.c"; sourceTree = "<group>"; };
		A681439A1F81D074002196B0 /* gif_font.c */ = {isa = PBXFileReference; lastKnownFileType = sourcecode.c.c; name = gif_font.c; path = "../../3rd-party/giflib-5.1.4/lib/gif_font.c"; sourceTree = "<group>"; };
		A681439B1F81D074002196B0 /* gif_lib_private.h */ = {isa = PBXFileReference; lastKnownFileType = sourcecode.c.h; name = gif_lib_private.h; path = "../../3rd-party/giflib-5.1.4/lib/gif_lib_private.h"; sourceTree = "<group>"; };
		A681439C1F81D074002196B0 /* quantize.c */ = {isa = PBXFileReference; lastKnownFileType = sourcecode.c.c; name = quantize.c; path = "../../3rd-party/giflib-5.1.4/lib/quantize.c"; sourceTree = "<group>"; };
		A681439D1F81D075002196B0 /* gif_lib.h */ = {isa = PBXFileReference; lastKnownFileType = sourcecode.c.h; name = gif_lib.h; path = "../../3rd-party/giflib-5.1.4/lib/gif_lib.h"; sourceTree = "<group>"; };
		A6DD9ACC1F8124CA00E99E64 /* libgif_tvOS.a */ = {isa = PBXFileReference; explicitFileType = archive.ar; includeInIndex = 0; path = libgif_tvOS.a; sourceTree = BUILT_PRODUCTS_DIR; };
		A6DD9ACE1F8124CA00E99E64 /* gif_tvOS.h */ = {isa = PBXFileReference; lastKnownFileType = sourcecode.c.h; path = gif_tvOS.h; sourceTree = "<group>"; };
		A6DD9ACF1F8124CA00E99E64 /* gif_tvOS.m */ = {isa = PBXFileReference; lastKnownFileType = sourcecode.c.objc; path = gif_tvOS.m; sourceTree = "<group>"; };
/* End PBXFileReference section */

/* Begin PBXFrameworksBuildPhase section */
		A65BB1CE1F7C0C6A0088347C /* Frameworks */ = {
			isa = PBXFrameworksBuildPhase;
			buildActionMask = 2147483647;
			files = (
			);
			runOnlyForDeploymentPostprocessing = 0;
		};
		A6DD9AC91F8124CA00E99E64 /* Frameworks */ = {
			isa = PBXFrameworksBuildPhase;
			buildActionMask = 2147483647;
			files = (
			);
			runOnlyForDeploymentPostprocessing = 0;
		};
/* End PBXFrameworksBuildPhase section */

/* Begin PBXGroup section */
		A65BB1C81F7C0C6A0088347C = {
			isa = PBXGroup;
			children = (
				A65BB1DD1F7C0CAD0088347C /* lib */,
				A65BB1EC1F7C0CAD0088347C /* util */,
				A6DD9ACD1F8124CA00E99E64 /* gif_tvOS */,
				A65BB1D21F7C0C6A0088347C /* Products */,
			);
			sourceTree = "<group>";
		};
		A65BB1D21F7C0C6A0088347C /* Products */ = {
			isa = PBXGroup;
			children = (
				A65BB1D11F7C0C6A0088347C /* libgif.a */,
				A6DD9ACC1F8124CA00E99E64 /* libgif_tvOS.a */,
			);
			name = Products;
			sourceTree = "<group>";
		};
		A65BB1DD1F7C0CAD0088347C /* lib */ = {
			isa = PBXGroup;
			children = (
				A68143931F81D073002196B0 /* dgif_lib.c */,
				A68143961F81D074002196B0 /* egif_lib.c */,
				A68143941F81D073002196B0 /* gif_err.c */,
				A681439A1F81D074002196B0 /* gif_font.c */,
				A68143951F81D074002196B0 /* gif_hash.c */,
				A68143971F81D074002196B0 /* gif_hash.h */,
				A681439B1F81D074002196B0 /* gif_lib_private.h */,
				A681439D1F81D075002196B0 /* gif_lib.h */,
				A68143981F81D074002196B0 /* gifalloc.c */,
				A68143991F81D074002196B0 /* openbsd-reallocarray.c */,
				A681439C1F81D074002196B0 /* quantize.c */,
			);
			name = lib;
			path = ../../lib;
			sourceTree = "<group>";
		};
		A65BB1EC1F7C0CAD0088347C /* util */ = {
			isa = PBXGroup;
			children = (
				A63ADBE81F7DD9ED00DADC83 /* getarg.c */,
				A63ADBE91F7DD9ED00DADC83 /* getarg.h */,
				A63ADBEA1F7DD9ED00DADC83 /* qprintf.c */,
			);
			name = util;
			path = ../../util;
			sourceTree = "<group>";
		};
		A6DD9ACD1F8124CA00E99E64 /* gif_tvOS */ = {
			isa = PBXGroup;
			children = (
				A6DD9ACE1F8124CA00E99E64 /* gif_tvOS.h */,
				A6DD9ACF1F8124CA00E99E64 /* gif_tvOS.m */,
			);
			path = gif_tvOS;
			sourceTree = "<group>";
		};
/* End PBXGroup section */

/* Begin PBXNativeTarget section */
		A65BB1D01F7C0C6A0088347C /* gif */ = {
			isa = PBXNativeTarget;
			buildConfigurationList = A65BB1DA1F7C0C6A0088347C /* Build configuration list for PBXNativeTarget "gif" */;
			buildPhases = (
				A65BB1CD1F7C0C6A0088347C /* Sources */,
				A65BB1CE1F7C0C6A0088347C /* Frameworks */,
				A65BB1CF1F7C0C6A0088347C /* CopyFiles */,
			);
			buildRules = (
			);
			dependencies = (
			);
			name = gif;
			productName = gif;
			productReference = A65BB1D11F7C0C6A0088347C /* libgif.a */;
			productType = "com.apple.product-type.library.static";
		};
		A6DD9ACB1F8124CA00E99E64 /* gif_tvOS */ = {
			isa = PBXNativeTarget;
			buildConfigurationList = A6DD9AD41F8124CA00E99E64 /* Build configuration list for PBXNativeTarget "gif_tvOS" */;
			buildPhases = (
				A6DD9AC81F8124CA00E99E64 /* Sources */,
				A6DD9AC91F8124CA00E99E64 /* Frameworks */,
				A6DD9ACA1F8124CA00E99E64 /* CopyFiles */,
			);
			buildRules = (
			);
			dependencies = (
			);
			name = gif_tvOS;
			productName = gif_tvOS;
			productReference = A6DD9ACC1F8124CA00E99E64 /* libgif_tvOS.a */;
			productType = "com.apple.product-type.library.static";
		};
/* End PBXNativeTarget section */

/* Begin PBXProject section */
		A65BB1C91F7C0C6A0088347C /* Project object */ = {
			isa = PBXProject;
			attributes = {
				LastUpgradeCheck = 0830;
				ORGANIZATIONNAME = "Dancing Bottle";
				TargetAttributes = {
					A65BB1D01F7C0C6A0088347C = {
						CreatedOnToolsVersion = 8.3.3;
						DevelopmentTeam = 4MQWZS5V6J;
						ProvisioningStyle = Automatic;
					};
					A6DD9ACB1F8124CA00E99E64 = {
						CreatedOnToolsVersion = 9.0;
						DevelopmentTeam = 4MQWZS5V6J;
						ProvisioningStyle = Automatic;
					};
				};
			};
			buildConfigurationList = A65BB1CC1F7C0C6A0088347C /* Build configuration list for PBXProject "gif" */;
			compatibilityVersion = "Xcode 3.2";
			developmentRegion = English;
			hasScannedForEncodings = 0;
			knownRegions = (
				en,
			);
			mainGroup = A65BB1C81F7C0C6A0088347C;
			productRefGroup = A65BB1D21F7C0C6A0088347C /* Products */;
			projectDirPath = "";
			projectRoot = "";
			targets = (
				A65BB1D01F7C0C6A0088347C /* gif */,
				A6DD9ACB1F8124CA00E99E64 /* gif_tvOS */,
			);
		};
/* End PBXProject section */

/* Begin PBXSourcesBuildPhase section */
		A65BB1CD1F7C0C6A0088347C /* Sources */ = {
			isa = PBXSourcesBuildPhase;
			buildActionMask = 2147483647;
			files = (
				A681439E1F81D0A4002196B0 /* dgif_lib.c in Sources */,
				A681439F1F81D0A4002196B0 /* egif_lib.c in Sources */,
				A68143A01F81D0A4002196B0 /* gif_err.c in Sources */,
				A68143A11F81D0A4002196B0 /* gif_font.c in Sources */,
				A68143A21F81D0A4002196B0 /* gif_hash.c in Sources */,
				A68143A31F81D0A4002196B0 /* gifalloc.c in Sources */,
				A68143A41F81D0A4002196B0 /* openbsd-reallocarray.c in Sources */,
				A68143A51F81D0A5002196B0 /* quantize.c in Sources */,
				A63ADBEC1F7DD9ED00DADC83 /* qprintf.c in Sources */,
				A63ADBEB1F7DD9ED00DADC83 /* getarg.c in Sources */,
			);
			runOnlyForDeploymentPostprocessing = 0;
		};
		A6DD9AC81F8124CA00E99E64 /* Sources */ = {
			isa = PBXSourcesBuildPhase;
			buildActionMask = 2147483647;
			files = (
				A68143A61F81D0B1002196B0 /* dgif_lib.c in Sources */,
				A68143A71F81D0B1002196B0 /* egif_lib.c in Sources */,
				A68143A81F81D0B1002196B0 /* gif_err.c in Sources */,
				A68143A91F81D0B1002196B0 /* gif_font.c in Sources */,
				A68143AA1F81D0B1002196B0 /* gif_hash.c in Sources */,
				A68143AB1F81D0B1002196B0 /* gifalloc.c in Sources */,
				A68143AC1F81D0B1002196B0 /* openbsd-reallocarray.c in Sources */,
				A68143AD1F81D0B1002196B0 /* quantize.c in Sources */,
				A6449AA21F815B7C0002E1B2 /* getarg.c in Sources */,
				A6449AA01F815B700002E1B2 /* qprintf.c in Sources */,
			);
			runOnlyForDeploymentPostprocessing = 0;
		};
/* End PBXSourcesBuildPhase section */

/* Begin XCBuildConfiguration section */
		A65BB1D81F7C0C6A0088347C /* Debug */ = {
			isa = XCBuildConfiguration;
			buildSettings = {
				ALWAYS_SEARCH_USER_PATHS = NO;
				CLANG_ANALYZER_NONNULL = YES;
				CLANG_ANALYZER_NUMBER_OBJECT_CONVERSION = YES_AGGRESSIVE;
				CLANG_CXX_LANGUAGE_STANDARD = "gnu++0x";
				CLANG_CXX_LIBRARY = "libc++";
				CLANG_ENABLE_MODULES = YES;
				CLANG_ENABLE_OBJC_ARC = YES;
				CLANG_WARN_BOOL_CONVERSION = YES;
				CLANG_WARN_CONSTANT_CONVERSION = YES;
				CLANG_WARN_DIRECT_OBJC_ISA_USAGE = YES_ERROR;
				CLANG_WARN_DOCUMENTATION_COMMENTS = YES;
				CLANG_WARN_EMPTY_BODY = YES;
				CLANG_WARN_ENUM_CONVERSION = YES;
				CLANG_WARN_INFINITE_RECURSION = YES;
				CLANG_WARN_INT_CONVERSION = YES;
				CLANG_WARN_OBJC_ROOT_CLASS = YES_ERROR;
				CLANG_WARN_SUSPICIOUS_MOVE = YES;
				CLANG_WARN_UNREACHABLE_CODE = YES;
				CLANG_WARN__DUPLICATE_METHOD_MATCH = YES;
				"CODE_SIGN_IDENTITY[sdk=iphoneos*]" = "iPhone Developer";
				COPY_PHASE_STRIP = NO;
				DEBUG_INFORMATION_FORMAT = dwarf;
				ENABLE_STRICT_OBJC_MSGSEND = YES;
				ENABLE_TESTABILITY = YES;
				GCC_C_LANGUAGE_STANDARD = gnu99;
				GCC_DYNAMIC_NO_PIC = NO;
				GCC_NO_COMMON_BLOCKS = YES;
				GCC_OPTIMIZATION_LEVEL = 0;
				GCC_PREPROCESSOR_DEFINITIONS = (
					"DEBUG=1",
					"$(inherited)",
				);
				GCC_WARN_64_TO_32_BIT_CONVERSION = YES;
				GCC_WARN_ABOUT_RETURN_TYPE = YES_ERROR;
				GCC_WARN_UNDECLARED_SELECTOR = YES;
				GCC_WARN_UNINITIALIZED_AUTOS = YES_AGGRESSIVE;
				GCC_WARN_UNUSED_FUNCTION = YES;
				GCC_WARN_UNUSED_VARIABLE = YES;
				IPHONEOS_DEPLOYMENT_TARGET = 10.3;
				MTL_ENABLE_DEBUG_INFO = YES;
				ONLY_ACTIVE_ARCH = YES;
				SDKROOT = iphoneos;
			};
			name = Debug;
		};
		A65BB1D91F7C0C6A0088347C /* Release */ = {
			isa = XCBuildConfiguration;
			buildSettings = {
				ALWAYS_SEARCH_USER_PATHS = NO;
				CLANG_ANALYZER_NONNULL = YES;
				CLANG_ANALYZER_NUMBER_OBJECT_CONVERSION = YES_AGGRESSIVE;
				CLANG_CXX_LANGUAGE_STANDARD = "gnu++0x";
				CLANG_CXX_LIBRARY = "libc++";
				CLANG_ENABLE_MODULES = YES;
				CLANG_ENABLE_OBJC_ARC = YES;
				CLANG_WARN_BOOL_CONVERSION = YES;
				CLANG_WARN_CONSTANT_CONVERSION = YES;
				CLANG_WARN_DIRECT_OBJC_ISA_USAGE = YES_ERROR;
				CLANG_WARN_DOCUMENTATION_COMMENTS = YES;
				CLANG_WARN_EMPTY_BODY = YES;
				CLANG_WARN_ENUM_CONVERSION = YES;
				CLANG_WARN_INFINITE_RECURSION = YES;
				CLANG_WARN_INT_CONVERSION = YES;
				CLANG_WARN_OBJC_ROOT_CLASS = YES_ERROR;
				CLANG_WARN_SUSPICIOUS_MOVE = YES;
				CLANG_WARN_UNREACHABLE_CODE = YES;
				CLANG_WARN__DUPLICATE_METHOD_MATCH = YES;
				"CODE_SIGN_IDENTITY[sdk=iphoneos*]" = "iPhone Developer";
				COPY_PHASE_STRIP = NO;
				DEBUG_INFORMATION_FORMAT = "dwarf-with-dsym";
				ENABLE_NS_ASSERTIONS = NO;
				ENABLE_STRICT_OBJC_MSGSEND = YES;
				GCC_C_LANGUAGE_STANDARD = gnu99;
				GCC_NO_COMMON_BLOCKS = YES;
				GCC_WARN_64_TO_32_BIT_CONVERSION = YES;
				GCC_WARN_ABOUT_RETURN_TYPE = YES_ERROR;
				GCC_WARN_UNDECLARED_SELECTOR = YES;
				GCC_WARN_UNINITIALIZED_AUTOS = YES_AGGRESSIVE;
				GCC_WARN_UNUSED_FUNCTION = YES;
				GCC_WARN_UNUSED_VARIABLE = YES;
				IPHONEOS_DEPLOYMENT_TARGET = 10.3;
				MTL_ENABLE_DEBUG_INFO = NO;
				SDKROOT = iphoneos;
				VALIDATE_PRODUCT = YES;
			};
			name = Release;
		};
		A65BB1DB1F7C0C6A0088347C /* Debug */ = {
			isa = XCBuildConfiguration;
			buildSettings = {
				DEVELOPMENT_TEAM = 4MQWZS5V6J;
				OTHER_LDFLAGS = "-ObjC";
				PRODUCT_NAME = "$(TARGET_NAME)";
				SKIP_INSTALL = YES;
			};
			name = Debug;
		};
		A65BB1DC1F7C0C6A0088347C /* Release */ = {
			isa = XCBuildConfiguration;
			buildSettings = {
				DEVELOPMENT_TEAM = 4MQWZS5V6J;
				OTHER_LDFLAGS = "-ObjC";
				PRODUCT_NAME = "$(TARGET_NAME)";
				SKIP_INSTALL = YES;
			};
			name = Release;
		};
		A6DD9AD21F8124CA00E99E64 /* Debug */ = {
			isa = XCBuildConfiguration;
			buildSettings = {
				CLANG_CXX_LANGUAGE_STANDARD = "gnu++14";
				CLANG_WARN_BLOCK_CAPTURE_AUTORELEASING = YES;
				CLANG_WARN_COMMA = YES;
				CLANG_WARN_NON_LITERAL_NULL_CONVERSION = YES;
				CLANG_WARN_OBJC_LITERAL_CONVERSION = YES;
				CLANG_WARN_RANGE_LOOP_ANALYSIS = YES;
				CLANG_WARN_STRICT_PROTOTYPES = YES;
				CLANG_WARN_UNGUARDED_AVAILABILITY = YES_AGGRESSIVE;
				CODE_SIGN_STYLE = Automatic;
				DEVELOPMENT_TEAM = 4MQWZS5V6J;
				GCC_C_LANGUAGE_STANDARD = gnu11;
				OTHER_LDFLAGS = "-ObjC";
				PRODUCT_NAME = "$(TARGET_NAME)";
				SDKROOT = appletvos;
				SKIP_INSTALL = YES;
				TARGETED_DEVICE_FAMILY = 3;
				TVOS_DEPLOYMENT_TARGET = 11.0;
			};
			name = Debug;
		};
		A6DD9AD31F8124CA00E99E64 /* Release */ = {
			isa = XCBuildConfiguration;
			buildSettings = {
				CLANG_CXX_LANGUAGE_STANDARD = "gnu++14";
				CLANG_WARN_BLOCK_CAPTURE_AUTORELEASING = YES;
				CLANG_WARN_COMMA = YES;
				CLANG_WARN_NON_LITERAL_NULL_CONVERSION = YES;
				CLANG_WARN_OBJC_LITERAL_CONVERSION = YES;
				CLANG_WARN_RANGE_LOOP_ANALYSIS = YES;
				CLANG_WARN_STRICT_PROTOTYPES = YES;
				CLANG_WARN_UNGUARDED_AVAILABILITY = YES_AGGRESSIVE;
				CODE_SIGN_STYLE = Automatic;
				DEVELOPMENT_TEAM = 4MQWZS5V6J;
				GCC_C_LANGUAGE_STANDARD = gnu11;
				OTHER_LDFLAGS = "-ObjC";
				PRODUCT_NAME = "$(TARGET_NAME)";
				SDKROOT = appletvos;
				SKIP_INSTALL = YES;
				TARGETED_DEVICE_FAMILY = 3;
				TVOS_DEPLOYMENT_TARGET = 11.0;
			};
			name = Release;
		};
/* End XCBuildConfiguration section */

/* Begin XCConfigurationList section */
		A65BB1CC1F7C0C6A0088347C /* Build configuration list for PBXProject "gif" */ = {
			isa = XCConfigurationList;
			buildConfigurations = (
				A65BB1D81F7C0C6A0088347C /* Debug */,
				A65BB1D91F7C0C6A0088347C /* Release */,
			);
			defaultConfigurationIsVisible = 0;
			defaultConfigurationName = Release;
		};
		A65BB1DA1F7C0C6A0088347C /* Build configuration list for PBXNativeTarget "gif" */ = {
			isa = XCConfigurationList;
			buildConfigurations = (
				A65BB1DB1F7C0C6A0088347C /* Debug */,
				A65BB1DC1F7C0C6A0088347C /* Release */,
			);
			defaultConfigurationIsVisible = 0;
			defaultConfigurationName = Release;
		};
		A6DD9AD41F8124CA00E99E64 /* Build configuration list for PBXNativeTarget "gif_tvOS" */ = {
			isa = XCConfigurationList;
			buildConfigurations = (
				A6DD9AD21F8124CA00E99E64 /* Debug */,
				A6DD9AD31F8124CA00E99E64 /* Release */,
			);
			defaultConfigurationIsVisible = 0;
			defaultConfigurationName = Release;
		};
/* End XCConfigurationList section */
	};
	rootObject = A65BB1C91F7C0C6A0088347C /* Project object */;
}
